
Microsoft Visual Studio Solution File, Format Version 12.00
# Visual Studio Version 17
VisualStudioVersion = 17.11.35312.102
MinimumVisualStudioVersion = 10.0.40219.1
Project("{9A19103F-16F7-4668-BE54-9A1E7A4F7556}") = "WinFormsES", "WinFormsES\WinFormsES.csproj", "{478BF775-A157-4406-A610-D7451ECF671A}"
EndProject
Project("{9A19103F-16F7-4668-BE54-9A1E7A4F7556}") = "ClassLibraryES", "ClassLibraryES\ClassLibraryES.csproj", "{77024257-025C-49DD-B801-632BE50C2759}"
EndProject
Project("{9A19103F-16F7-4668-BE54-9A1E7A4F7556}") = "WpfAppES", "WpfAppES\WpfAppES.csproj", "{C3FAA87C-4A92-4B99-9EB3-60B6D9ACC9AE}"
	ProjectSection(ProjectDependencies) = postProject
		{77024257-025C-49DD-B801-632BE50C2759} = {77024257-025C-49DD-B801-632BE50C2759}
	EndProjectSection
EndProject
Project("{9A19103F-16F7-4668-BE54-9A1E7A4F7556}") = "ConsoleTests", "ConsoleTests\ConsoleTests.csproj", "{9A4C8A1A-B605-400B-8ECD-69C01B71975B}"
	ProjectSection(ProjectDependencies) = postProject
		{77024257-025C-49DD-B801-632BE50C2759} = {77024257-025C-49DD-B801-632BE50C2759}
	EndProjectSection
EndProject
Global
	GlobalSection(SolutionConfigurationPlatforms) = preSolution
		Debug|Any CPU = Debug|Any CPU
		Release|Any CPU = Release|Any CPU
	EndGlobalSection
	GlobalSection(ProjectConfigurationPlatforms) = postSolution
		{478BF775-A157-4406-A610-D7451ECF671A}.Debug|Any CPU.ActiveCfg = Debug|Any CPU
		{478BF775-A157-4406-A610-D7451ECF671A}.Debug|Any CPU.Build.0 = Debug|Any CPU
		{478BF775-A157-4406-A610-D7451ECF671A}.Release|Any CPU.ActiveCfg = Release|Any CPU
		{478BF775-A157-4406-A610-D7451ECF671A}.Release|Any CPU.Build.0 = Release|Any CPU
		{77024257-025C-49DD-B801-632BE50C2759}.Debug|Any CPU.ActiveCfg = Debug|Any CPU
		{77024257-025C-49DD-B801-632BE50C2759}.Debug|Any CPU.Build.0 = Debug|Any CPU
		{77024257-025C-49DD-B801-632BE50C2759}.Release|Any CPU.ActiveCfg = Release|Any CPU
		{77024257-025C-49DD-B801-632BE50C2759}.Release|Any CPU.Build.0 = Release|Any CPU
		{C3FAA87C-4A92-4B99-9EB3-60B6D9ACC9AE}.Debug|Any CPU.ActiveCfg = Debug|Any CPU
		{C3FAA87C-4A92-4B99-9EB3-60B6D9ACC9AE}.Debug|Any CPU.Build.0 = Debug|Any CPU
		{C3FAA87C-4A92-4B99-9EB3-60B6D9ACC9AE}.Release|Any CPU.ActiveCfg = Release|Any CPU
		{C3FAA87C-4A92-4B99-9EB3-60B6D9ACC9AE}.Release|Any CPU.Build.0 = Release|Any CPU
		{9A4C8A1A-B605-400B-8ECD-69C01B71975B}.Debug|Any CPU.ActiveCfg = Debug|Any CPU
		{9A4C8A1A-B605-400B-8ECD-69C01B71975B}.Debug|Any CPU.Build.0 = Debug|Any CPU
		{9A4C8A1A-B605-400B-8ECD-69C01B71975B}.Release|Any CPU.ActiveCfg = Release|Any CPU
		{9A4C8A1A-B605-400B-8ECD-69C01B71975B}.Release|Any CPU.Build.0 = Release|Any CPU
	EndGlobalSection
	GlobalSection(SolutionProperties) = preSolution
		HideSolutionNode = FALSE
	EndGlobalSection
	GlobalSection(ExtensibilityGlobals) = postSolution
		RESX_NeutralResourcesLanguage = ru-RU
		SolutionGuid = {585D2DA5-1F81-462C-88AA-1B98A6DD3F19}
	EndGlobalSection
EndGlobal
